// !$*UTF8*$!
{
	archiveVersion = 1;
	classes = {
	};
	objectVersion = 46;
	objects = {

/* Begin PBXBuildFile section */
		44AFE73A1E18878A00C32B96 /* AppDelegate.swift in Sources */ = {isa = PBXBuildFile; fileRef = 44AFE7391E18878A00C32B96 /* AppDelegate.swift */; };
		44AFE73C1E18878A00C32B96 /* ViewController.swift in Sources */ = {isa = PBXBuildFile; fileRef = 44AFE73B1E18878A00C32B96 /* ViewController.swift */; };
		44AFE73F1E18878A00C32B96 /* Main.storyboard in Resources */ = {isa = PBXBuildFile; fileRef = 44AFE73D1E18878A00C32B96 /* Main.storyboard */; };
		44AFE7411E18878A00C32B96 /* Assets.xcassets in Resources */ = {isa = PBXBuildFile; fileRef = 44AFE7401E18878A00C32B96 /* Assets.xcassets */; };
		44AFE7441E18878A00C32B96 /* LaunchScreen.storyboard in Resources */ = {isa = PBXBuildFile; fileRef = 44AFE7421E18878A00C32B96 /* LaunchScreen.storyboard */; };
		44AFE74F1E18878A00C32B96 /* Tip_CalculatorTests.swift in Sources */ = {isa = PBXBuildFile; fileRef = 44AFE74E1E18878A00C32B96 /* Tip_CalculatorTests.swift */; };
		44AFE75A1E18878A00C32B96 /* Tip_CalculatorUITests.swift in Sources */ = {isa = PBXBuildFile; fileRef = 44AFE7591E18878A00C32B96 /* Tip_CalculatorUITests.swift */; };
/* End PBXBuildFile section */

/* Begin PBXContainerItemProxy section */
		44AFE74B1E18878A00C32B96 /* PBXContainerItemProxy */ = {
			isa = PBXContainerItemProxy;
			containerPortal = 44AFE72E1E18878A00C32B96 /* Project object */;
			proxyType = 1;
			remoteGlobalIDString = 44AFE7351E18878A00C32B96;
			remoteInfo = "Tip Calculator";
		};
		44AFE7561E18878A00C32B96 /* PBXContainerItemProxy */ = {
			isa = PBXContainerItemProxy;
			containerPortal = 44AFE72E1E18878A00C32B96 /* Project object */;
			proxyType = 1;
			remoteGlobalIDString = 44AFE7351E18878A00C32B96;
			remoteInfo = "Tip Calculator";
		};
/* End PBXContainerItemProxy section */

/* Begin PBXFileReference section */
		44AFE7361E18878A00C32B96 /* Tip Calculator.app */ = {isa = PBXFileReference; explicitFileType = wrapper.application; includeInIndex = 0; path = "Tip Calculator.app"; sourceTree = BUILT_PRODUCTS_DIR; };
		44AFE7391E18878A00C32B96 /* AppDelegate.swift */ = {isa = PBXFileReference; lastKnownFileType = sourcecode.swift; path = AppDelegate.swift; sourceTree = "<group>"; };
		44AFE73B1E18878A00C32B96 /* ViewController.swift */ = {isa = PBXFileReference; lastKnownFileType = sourcecode.swift; path = ViewController.swift; sourceTree = "<group>"; };
		44AFE73E1E18878A00C32B96 /* Base */ = {isa = PBXFileReference; lastKnownFileType = file.storyboard; name = Base; path = Base.lproj/Main.storyboard; sourceTree = "<group>"; };
		44AFE7401E18878A00C32B96 /* Assets.xcassets */ = {isa = PBXFileReference; lastKnownFileType = folder.assetcatalog; path = Assets.xcassets; sourceTree = "<group>"; };
		44AFE7431E18878A00C32B96 /* Base */ = {isa = PBXFileReference; lastKnownFileType = file.storyboard; name = Base; path = Base.lproj/LaunchScreen.storyboard; sourceTree = "<group>"; };
		44AFE7451E18878A00C32B96 /* Info.plist */ = {isa = PBXFileReference; lastKnownFileType = text.plist.xml; path = Info.plist; sourceTree = "<group>"; };
		44AFE74A1E18878A00C32B96 /* Tip CalculatorTests.xctest */ = {isa = PBXFileReference; explicitFileType = wrapper.cfbundle; includeInIndex = 0; path = "Tip CalculatorTests.xctest"; sourceTree = BUILT_PRODUCTS_DIR; };
		44AFE74E1E18878A00C32B96 /* Tip_CalculatorTests.swift */ = {isa = PBXFileReference; lastKnownFileType = sourcecode.swift; path = Tip_CalculatorTests.swift; sourceTree = "<group>"; };
		44AFE7501E18878A00C32B96 /* Info.plist */ = {isa = PBXFileReference; lastKnownFileType = text.plist.xml; path = Info.plist; sourceTree = "<group>"; };
		44AFE7551E18878A00C32B96 /* Tip CalculatorUITests.xctest */ = {isa = PBXFileReference; explicitFileType = wrapper.cfbundle; includeInIndex = 0; path = "Tip CalculatorUITests.xctest"; sourceTree = BUILT_PRODUCTS_DIR; };
		44AFE7591E18878A00C32B96 /* Tip_CalculatorUITests.swift */ = {isa = PBXFileReference; lastKnownFileType = sourcecode.swift; path = Tip_CalculatorUITests.swift; sourceTree = "<group>"; };
		44AFE75B1E18878A00C32B96 /* Info.plist */ = {isa = PBXFileReference; lastKnownFileType = text.plist.xml; path = Info.plist; sourceTree = "<group>"; };
/* End PBXFileReference section */

/* Begin PBXFrameworksBuildPhase section */
		44AFE7331E18878A00C32B96 /* Frameworks */ = {
			isa = PBXFrameworksBuildPhase;
			buildActionMask = 2147483647;
			files = (
			);
			runOnlyForDeploymentPostprocessing = 0;
		};
		44AFE7471E18878A00C32B96 /* Frameworks */ = {
			isa = PBXFrameworksBuildPhase;
			buildActionMask = 2147483647;
			files = (
			);
			runOnlyForDeploymentPostprocessing = 0;
		};
		44AFE7521E18878A00C32B96 /* Frameworks */ = {
			isa = PBXFrameworksBuildPhase;
			buildActionMask = 2147483647;
			files = (
			);
			runOnlyForDeploymentPostprocessing = 0;
		};
/* End PBXFrameworksBuildPhase section */

/* Begin PBXGroup section */
		44AFE72D1E18878A00C32B96 = {
			isa = PBXGroup;
			children = (
				44AFE7381E18878A00C32B96 /* Tip Calculator */,
				44AFE74D1E18878A00C32B96 /* Tip CalculatorTests */,
				44AFE7581E18878A00C32B96 /* Tip CalculatorUITests */,
				44AFE7371E18878A00C32B96 /* Products */,
			);
			sourceTree = "<group>";
		};
		44AFE7371E18878A00C32B96 /* Products */ = {
			isa = PBXGroup;
			children = (
				44AFE7361E18878A00C32B96 /* Tip Calculator.app */,
				44AFE74A1E18878A00C32B96 /* Tip CalculatorTests.xctest */,
				44AFE7551E18878A00C32B96 /* Tip CalculatorUITests.xctest */,
			);
			name = Products;
			sourceTree = "<group>";
		};
		44AFE7381E18878A00C32B96 /* Tip Calculator */ = {
			isa = PBXGroup;
			children = (
				44AFE7391E18878A00C32B96 /* AppDelegate.swift */,
				44AFE73B1E18878A00C32B96 /* ViewController.swift */,
				44AFE73D1E18878A00C32B96 /* Main.storyboard */,
				44AFE7401E18878A00C32B96 /* Assets.xcassets */,
				44AFE7421E18878A00C32B96 /* LaunchScreen.storyboard */,
				44AFE7451E18878A00C32B96 /* Info.plist */,
			);
			path = "Tip Calculator";
			sourceTree = "<group>";
		};
		44AFE74D1E18878A00C32B96 /* Tip CalculatorTests */ = {
			isa = PBXGroup;
			children = (
				44AFE74E1E18878A00C32B96 /* Tip_CalculatorTests.swift */,
				44AFE7501E18878A00C32B96 /* Info.plist */,
			);
			path = "Tip CalculatorTests";
			sourceTree = "<group>";
		};
		44AFE7581E18878A00C32B96 /* Tip CalculatorUITests */ = {
			isa = PBXGroup;
			children = (
				44AFE7591E18878A00C32B96 /* Tip_CalculatorUITests.swift */,
				44AFE75B1E18878A00C32B96 /* Info.plist */,
			);
			path = "Tip CalculatorUITests";
			sourceTree = "<group>";
		};
/* End PBXGroup section */

/* Begin PBXNativeTarget section */
		44AFE7351E18878A00C32B96 /* Tip Calculator */ = {
			isa = PBXNativeTarget;
			buildConfigurationList = 44AFE75E1E18878A00C32B96 /* Build configuration list for PBXNativeTarget "Tip Calculator" */;
			buildPhases = (
				44AFE7321E18878A00C32B96 /* Sources */,
				44AFE7331E18878A00C32B96 /* Frameworks */,
				44AFE7341E18878A00C32B96 /* Resources */,
			);
			buildRules = (
			);
			dependencies = (
			);
			name = "Tip Calculator";
			productName = "Tip Calculator";
			productReference = 44AFE7361E18878A00C32B96 /* Tip Calculator.app */;
			productType = "com.apple.product-type.application";
		};
		44AFE7491E18878A00C32B96 /* Tip CalculatorTests */ = {
			isa = PBXNativeTarget;
			buildConfigurationList = 44AFE7611E18878A00C32B96 /* Build configuration list for PBXNativeTarget "Tip CalculatorTests" */;
			buildPhases = (
				44AFE7461E18878A00C32B96 /* Sources */,
				44AFE7471E18878A00C32B96 /* Frameworks */,
				44AFE7481E18878A00C32B96 /* Resources */,
			);
			buildRules = (
			);
			dependencies = (
				44AFE74C1E18878A00C32B96 /* PBXTargetDependency */,
			);
			name = "Tip CalculatorTests";
			productName = "Tip CalculatorTests";
			productReference = 44AFE74A1E18878A00C32B96 /* Tip CalculatorTests.xctest */;
			productType = "com.apple.product-type.bundle.unit-test";
		};
		44AFE7541E18878A00C32B96 /* Tip CalculatorUITests */ = {
			isa = PBXNativeTarget;
			buildConfigurationList = 44AFE7641E18878A00C32B96 /* Build configuration list for PBXNativeTarget "Tip CalculatorUITests" */;
			buildPhases = (
				44AFE7511E18878A00C32B96 /* Sources */,
				44AFE7521E18878A00C32B96 /* Frameworks */,
				44AFE7531E18878A00C32B96 /* Resources */,
			);
			buildRules = (
			);
			dependencies = (
				44AFE7571E18878A00C32B96 /* PBXTargetDependency */,
			);
			name = "Tip CalculatorUITests";
			productName = "Tip CalculatorUITests";
			productReference = 44AFE7551E18878A00C32B96 /* Tip CalculatorUITests.xctest */;
			productType = "com.apple.product-type.bundle.ui-testing";
		};
/* End PBXNativeTarget section */

/* Begin PBXProject section */
		44AFE72E1E18878A00C32B96 /* Project object */ = {
			isa = PBXProject;
			attributes = {
				LastSwiftUpdateCheck = 0820;
				LastUpgradeCheck = 0820;
				ORGANIZATIONNAME = Megan;
				TargetAttributes = {
					44AFE7351E18878A00C32B96 = {
						CreatedOnToolsVersion = 8.2;
						ProvisioningStyle = Automatic;
					};
					44AFE7491E18878A00C32B96 = {
						CreatedOnToolsVersion = 8.2;
						ProvisioningStyle = Automatic;
						TestTargetID = 44AFE7351E18878A00C32B96;
					};
					44AFE7541E18878A00C32B96 = {
						CreatedOnToolsVersion = 8.2;
						ProvisioningStyle = Automatic;
						TestTargetID = 44AFE7351E18878A00C32B96;
					};
				};
			};
			buildConfigurationList = 44AFE7311E18878A00C32B96 /* Build configuration list for PBXProject "Tip Calculator" */;
			compatibilityVersion = "Xcode 3.2";
			developmentRegion = English;
			hasScannedForEncodings = 0;
			knownRegions = (
				en,
				Base,
			);
			mainGroup = 44AFE72D1E18878A00C32B96;
			productRefGroup = 44AFE7371E18878A00C32B96 /* Products */;
			projectDirPath = "";
			projectRoot = "";
			targets = (
				44AFE7351E18878A00C32B96 /* Tip Calculator */,
				44AFE7491E18878A00C32B96 /* Tip CalculatorTests */,
				44AFE7541E18878A00C32B96 /* Tip CalculatorUITests */,
			);
		};
/* End PBXProject section */

/* Begin PBXResourcesBuildPhase section */
		44AFE7341E18878A00C32B96 /* Resources */ = {
			isa = PBXResourcesBuildPhase;
			buildActionMask = 2147483647;
			files = (
				44AFE7441E18878A00C32B96 /* LaunchScreen.storyboard in Resources */,
				44AFE7411E18878A00C32B96 /* Assets.xcassets in Resources */,
				44AFE73F1E18878A00C32B96 /* Main.storyboard in Resources */,
			);
			runOnlyForDeploymentPostprocessing = 0;
		};
		44AFE7481E18878A00C32B96 /* Resources */ = {
			isa = PBXResourcesBuildPhase;
			buildActionMask = 2147483647;
			files = (
			);
			runOnlyForDeploymentPostprocessing = 0;
		};
		44AFE7531E18878A00C32B96 /* Resources */ = {
			isa = PBXResourcesBuildPhase;
			buildActionMask = 2147483647;
			files = (
			);
			runOnlyForDeploymentPostprocessing = 0;
		};
/* End PBXResourcesBuildPhase section */

/* Begin PBXSourcesBuildPhase section */
		44AFE7321E18878A00C32B96 /* Sources */ = {
			isa = PBXSourcesBuildPhase;
			buildActionMask = 2147483647;
			files = (
				44AFE73C1E18878A00C32B96 /* ViewController.swift in Sources */,
				44AFE73A1E18878A00C32B96 /* AppDelegate.swift in Sources */,
			);
			runOnlyForDeploymentPostprocessing = 0;
		};
		44AFE7461E18878A00C32B96 /* Sources */ = {
			isa = PBXSourcesBuildPhase;
			buildActionMask = 2147483647;
			files = (
				44AFE74F1E18878A00C32B96 /* Tip_CalculatorTests.swift in Sources */,
			);
			runOnlyForDeploymentPostprocessing = 0;
		};
		44AFE7511E18878A00C32B96 /* Sources */ = {
			isa = PBXSourcesBuildPhase;
			buildActionMask = 2147483647;
			files = (
				44AFE75A1E18878A00C32B96 /* Tip_CalculatorUITests.swift in Sources */,
			);
			runOnlyForDeploymentPostprocessing = 0;
		};
/* End PBXSourcesBuildPhase section */

/* Begin PBXTargetDependency section */
		44AFE74C1E18878A00C32B96 /* PBXTargetDependency */ = {
			isa = PBXTargetDependency;
			target = 44AFE7351E18878A00C32B96 /* Tip Calculator */;
			targetProxy = 44AFE74B1E18878A00C32B96 /* PBXContainerItemProxy */;
		};
		44AFE7571E18878A00C32B96 /* PBXTargetDependency */ = {
			isa = PBXTargetDependency;
			target = 44AFE7351E18878A00C32B96 /* Tip Calculator */;
			targetProxy = 44AFE7561E18878A00C32B96 /* PBXContainerItemProxy */;
		};
/* End PBXTargetDependency section */

/* Begin PBXVariantGroup section */
		44AFE73D1E18878A00C32B96 /* Main.storyboard */ = {
			isa = PBXVariantGroup;
			children = (
				44AFE73E1E18878A00C32B96 /* Base */,
			);
			name = Main.storyboard;
			sourceTree = "<group>";
		};
		44AFE7421E18878A00C32B96 /* LaunchScreen.storyboard */ = {
			isa = PBXVariantGroup;
			children = (
				44AFE7431E18878A00C32B96 /* Base */,
			);
			name = LaunchScreen.storyboard;
			sourceTree = "<group>";
		};
/* End PBXVariantGroup section */

/* Begin XCBuildConfiguration section */
		44AFE75C1E18878A00C32B96 /* Debug */ = {
			isa = XCBuildConfiguration;
			buildSettings = {
				ALWAYS_SEARCH_USER_PATHS = NO;
				CLANG_ANALYZER_NONNULL = YES;
				CLANG_CXX_LANGUAGE_STANDARD = "gnu++0x";
				CLANG_CXX_LIBRARY = "libc++";
				CLANG_ENABLE_MODULES = YES;
				CLANG_ENABLE_OBJC_ARC = YES;
				CLANG_WARN_BOOL_CONVERSION = YES;
				CLANG_WARN_CONSTANT_CONVERSION = YES;
				CLANG_WARN_DIRECT_OBJC_ISA_USAGE = YES_ERROR;
				CLANG_WARN_DOCUMENTATION_COMMENTS = YES;
				CLANG_WARN_EMPTY_BODY = YES;
				CLANG_WARN_ENUM_CONVERSION = YES;
				CLANG_WARN_INFINITE_RECURSION = YES;
				CLANG_WARN_INT_CONVERSION = YES;
				CLANG_WARN_OBJC_ROOT_CLASS = YES_ERROR;
				CLANG_WARN_SUSPICIOUS_MOVE = YES;
				CLANG_WARN_UNREACHABLE_CODE = YES;
				CLANG_WARN__DUPLICATE_METHOD_MATCH = YES;
				"CODE_SIGN_IDENTITY[sdk=iphoneos*]" = "iPhone Developer";
				COPY_PHASE_STRIP = NO;
				DEBUG_INFORMATION_FORMAT = dwarf;
				ENABLE_STRICT_OBJC_MSGSEND = YES;
				ENABLE_TESTABILITY = YES;
				GCC_C_LANGUAGE_STANDARD = gnu99;
				GCC_DYNAMIC_NO_PIC = NO;
				GCC_NO_COMMON_BLOCKS = YES;
				GCC_OPTIMIZATION_LEVEL = 0;
				GCC_PREPROCESSOR_DEFINITIONS = (
					"DEBUG=1",
					"$(inherited)",
				);
				GCC_WARN_64_TO_32_BIT_CONVERSION = YES;
				GCC_WARN_ABOUT_RETURN_TYPE = YES_ERROR;
				GCC_WARN_UNDECLARED_SELECTOR = YES;
				GCC_WARN_UNINITIALIZED_AUTOS = YES_AGGRESSIVE;
				GCC_WARN_UNUSED_FUNCTION = YES;
				GCC_WARN_UNUSED_VARIABLE = YES;
				IPHONEOS_DEPLOYMENT_TARGET = 10.2;
				MTL_ENABLE_DEBUG_INFO = YES;
				ONLY_ACTIVE_ARCH = YES;
				SDKROOT = iphoneos;
				SWIFT_ACTIVE_COMPILATION_CONDITIONS = DEBUG;
				SWIFT_OPTIMIZATION_LEVEL = "-Onone";
			};
			name = Debug;
		};
		44AFE75D1E18878A00C32B96 /* Release */ = {
			isa = XCBuildConfiguration;
			buildSettings = {
				ALWAYS_SEARCH_USER_PATHS = NO;
				CLANG_ANALYZER_NONNULL = YES;
				CLANG_CXX_LANGUAGE_STANDARD = "gnu++0x";
				CLANG_CXX_LIBRARY = "libc++";
				CLANG_ENABLE_MODULES = YES;
				CLANG_ENABLE_OBJC_ARC = YES;
				CLANG_WARN_BOOL_CONVERSION = YES;
				CLANG_WARN_CONSTANT_CONVERSION = YES;
				CLANG_WARN_DIRECT_OBJC_ISA_USAGE = YES_ERROR;
				CLANG_WARN_DOCUMENTATION_COMMENTS = YES;
				CLANG_WARN_EMPTY_BODY = YES;
				CLANG_WARN_ENUM_CONVERSION = YES;
				CLANG_WARN_INFINITE_RECURSION = YES;
				CLANG_WARN_INT_CONVERSION = YES;
				CLANG_WARN_OBJC_ROOT_CLASS = YES_ERROR;
				CLANG_WARN_SUSPICIOUS_MOVE = YES;
				CLANG_WARN_UNREACHABLE_CODE = YES;
				CLANG_WARN__DUPLICATE_METHOD_MATCH = YES;
				"CODE_SIGN_IDENTITY[sdk=iphoneos*]" = "iPhone Developer";
				COPY_PHASE_STRIP = NO;
				DEBUG_INFORMATION_FORMAT = "dwarf-with-dsym";
				ENABLE_NS_ASSERTIONS = NO;
				ENABLE_STRICT_OBJC_MSGSEND = YES;
				GCC_C_LANGUAGE_STANDARD = gnu99;
				GCC_NO_COMMON_BLOCKS = YES;
				GCC_WARN_64_TO_32_BIT_CONVERSION = YES;
				GCC_WARN_ABOUT_RETURN_TYPE = YES_ERROR;
				GCC_WARN_UNDECLARED_SELECTOR = YES;
				GCC_WARN_UNINITIALIZED_AUTOS = YES_AGGRESSIVE;
				GCC_WARN_UNUSED_FUNCTION = YES;
				GCC_WARN_UNUSED_VARIABLE = YES;
				IPHONEOS_DEPLOYMENT_TARGET = 10.2;
				MTL_ENABLE_DEBUG_INFO = NO;
				SDKROOT = iphoneos;
				SWIFT_OPTIMIZATION_LEVEL = "-Owholemodule";
				VALIDATE_PRODUCT = YES;
			};
			name = Release;
		};
		44AFE75F1E18878A00C32B96 /* Debug */ = {
			isa = XCBuildConfiguration;
			buildSettings = {
				ASSETCATALOG_COMPILER_APPICON_NAME = AppIcon;
				INFOPLIST_FILE = "Tip Calculator/Info.plist";
				LD_RUNPATH_SEARCH_PATHS = "$(inherited) @executable_path/Frameworks";
				PRODUCT_BUNDLE_IDENTIFIER = "com.Megan.Tip-Calculator";
				PRODUCT_NAME = "$(TARGET_NAME)";
				SWIFT_VERSION = 3.0;
			};
			name = Debug;
		};
		44AFE7601E18878A00C32B96 /* Release */ = {
			isa = XCBuildConfiguration;
			buildSettings = {
				ASSETCATALOG_COMPILER_APPICON_NAME = AppIcon;
				INFOPLIST_FILE = "Tip Calculator/Info.plist";
				LD_RUNPATH_SEARCH_PATHS = "$(inherited) @executable_path/Frameworks";
				PRODUCT_BUNDLE_IDENTIFIER = "com.Megan.Tip-Calculator";
				PRODUCT_NAME = "$(TARGET_NAME)";
				SWIFT_VERSION = 3.0;
			};
			name = Release;
		};
		44AFE7621E18878A00C32B96 /* Debug */ = {
			isa = XCBuildConfiguration;
			buildSettings = {
				ALWAYS_EMBED_SWIFT_STANDARD_LIBRARIES = YES;
				BUNDLE_LOADER = "$(TEST_HOST)";
				INFOPLIST_FILE = "Tip CalculatorTests/Info.plist";
				LD_RUNPATH_SEARCH_PATHS = "$(inherited) @executable_path/Frameworks @loader_path/Frameworks";
				PRODUCT_BUNDLE_IDENTIFIER = "com.Megan.Tip-CalculatorTests";
				PRODUCT_NAME = "$(TARGET_NAME)";
				SWIFT_VERSION = 3.0;
				TEST_HOST = "$(BUILT_PRODUCTS_DIR)/Tip Calculator.app/Tip Calculator";
			};
			name = Debug;
		};
		44AFE7631E18878A00C32B96 /* Release */ = {
			isa = XCBuildConfiguration;
			buildSettings = {
				ALWAYS_EMBED_SWIFT_STANDARD_LIBRARIES = YES;
				BUNDLE_LOADER = "$(TEST_HOST)";
				INFOPLIST_FILE = "Tip CalculatorTests/Info.plist";
				LD_RUNPATH_SEARCH_PATHS = "$(inherited) @executable_path/Frameworks @loader_path/Frameworks";
				PRODUCT_BUNDLE_IDENTIFIER = "com.Megan.Tip-CalculatorTests";
				PRODUCT_NAME = "$(TARGET_NAME)";
				SWIFT_VERSION = 3.0;
				TEST_HOST = "$(BUILT_PRODUCTS_DIR)/Tip Calculator.app/Tip Calculator";
			};
			name = Release;
		};
		44AFE7651E18878A00C32B96 /* Debug */ = {
			isa = XCBuildConfiguration;
			buildSettings = {
				ALWAYS_EMBED_SWIFT_STANDARD_LIBRARIES = YES;
				INFOPLIST_FILE = "Tip CalculatorUITests/Info.plist";
				LD_RUNPATH_SEARCH_PATHS = "$(inherited) @executable_path/Frameworks @loader_path/Frameworks";
				PRODUCT_BUNDLE_IDENTIFIER = "com.Megan.Tip-CalculatorUITests";
				PRODUCT_NAME = "$(TARGET_NAME)";
				SWIFT_VERSION = 3.0;
				TEST_TARGET_NAME = "Tip Calculator";
			};
			name = Debug;
		};
		44AFE7661E18878A00C32B96 /* Release */ = {
			isa = XCBuildConfiguration;
			buildSettings = {
				ALWAYS_EMBED_SWIFT_STANDARD_LIBRARIES = YES;
				INFOPLIST_FILE = "Tip CalculatorUITests/Info.plist";
				LD_RUNPATH_SEARCH_PATHS = "$(inherited) @executable_path/Frameworks @loader_path/Frameworks";
				PRODUCT_BUNDLE_IDENTIFIER = "com.Megan.Tip-CalculatorUITests";
				PRODUCT_NAME = "$(TARGET_NAME)";
				SWIFT_VERSION = 3.0;
				TEST_TARGET_NAME = "Tip Calculator";
			};
			name = Release;
		};
/* End XCBuildConfiguration section */

/* Begin XCConfigurationList section */
		44AFE7311E18878A00C32B96 /* Build configuration list for PBXProject "Tip Calculator" */ = {
			isa = XCConfigurationList;
			buildConfigurations = (
				44AFE75C1E18878A00C32B96 /* Debug */,
				44AFE75D1E18878A00C32B96 /* Release */,
			);
			defaultConfigurationIsVisible = 0;
			defaultConfigurationName = Release;
		};
		44AFE75E1E18878A00C32B96 /* Build configuration list for PBXNativeTarget "Tip Calculator" */ = {
			isa = XCConfigurationList;
			buildConfigurations = (
				44AFE75F1E18878A00C32B96 /* Debug */,
				44AFE7601E18878A00C32B96 /* Release */,
			);
			defaultConfigurationIsVisible = 0;
		};
		44AFE7611E18878A00C32B96 /* Build configuration list for PBXNativeTarget "Tip CalculatorTests" */ = {
			isa = XCConfigurationList;
			buildConfigurations = (
				44AFE7621E18878A00C32B96 /* Debug */,
				44AFE7631E18878A00C32B96 /* Release */,
			);
			defaultConfigurationIsVisible = 0;
		};
		44AFE7641E18878A00C32B96 /* Build configuration list for PBXNativeTarget "Tip CalculatorUITests" */ = {
			isa = XCConfigurationList;
			buildConfigurations = (
				44AFE7651E18878A00C32B96 /* Debug */,
				44AFE7661E18878A00C32B96 /* Release */,
			);
			defaultConfigurationIsVisible = 0;
		};
/* End XCConfigurationList section */
	};
	rootObject = 44AFE72E1E18878A00C32B96 /* Project object */;
}
